hash: 8eb71433d09d23e68d4801035f735d8b96daed9d3032d437977404a08f11cea0
updated: 2019-04-14T03:40:33.522918249Z
imports:
- name: github.com/gorilla/mux
  version: c5c6c98bc25355028a63748a498942a6398ccd22
- name: github.com/gorilla/websocket
  version: 66b9c49e59c6c48f0ffce28c2d8b8a5678502c6d
- name: gopkg.in/yaml.v2
  version: 51d6538a90f86fe93ac480b35f37b2be17fef232
testImports: []
